
Microsoft Visual Studio Solution File, Format Version 12.00
# Visual Studio Version 16
VisualStudioVersion = 16.0.29613.14
MinimumVisualStudioVersion = 10.0.40219.1
Project("{FAE04EC0-301F-11D3-BF4B-00C04F79EFBC}") = "Circunferencia", "Circunferencia\Circunferencia.csproj", "{847866EA-B974-4025-9DE4-50107C503B58}"
EndProject
Global
	GlobalSection(SolutionConfigurationPlatforms) = preSolution
		Debug|Any CPU = Debug|Any CPU
		Release|Any CPU = Release|Any CPU
	EndGlobalSection
	GlobalSection(ProjectConfigurationPlatforms) = postSolution
		{847866EA-B974-4025-9DE4-50107C503B58}.Debug|Any CPU.ActiveCfg = Debug|Any CPU
		{847866EA-B974-4025-9DE4-50107C503B58}.Debug|Any CPU.Build.0 = Debug|Any CPU
		{847866EA-B974-4025-9DE4-50107C503B58}.Release|Any CPU.ActiveCfg = Release|Any CPU
		{847866EA-B974-4025-9DE4-50107C503B58}.Release|Any CPU.Build.0 = Release|Any CPU
	EndGlobalSection
	GlobalSection(SolutionProperties) = preSolution
		HideSolutionNode = FALSE
	EndGlobalSection
	GlobalSection(ExtensibilityGlobals) = postSolution
		SolutionGuid = {402094CA-D133-4F81-80B7-65A0EEA5F8C3}
	EndGlobalSection
EndGlobal
